
Microsoft Visual Studio Solution File, Format Version 12.00
# Visual Studio Version 17
VisualStudioVersion = 17.12.35707.178
MinimumVisualStudioVersion = 10.0.40219.1
Project("{FAE04EC0-301F-11D3-BF4B-00C04F79EFBC}") = "Day3", "Day3\Day3.csproj", "{4A50A777-AC0E-4041-BBF8-0666D9ABAA9F}"
EndProject
Project("{FAE04EC0-301F-11D3-BF4B-00C04F79EFBC}") = "AccessModifier", "AccessModifier\AccessModifier.csproj", "{D64F5777-D2C6-48C0-993B-F40C8BA99B4B}"
EndProject
Project("{FAE04EC0-301F-11D3-BF4B-00C04F79EFBC}") = "NewMethoda", "NewMethoda\NewMethoda.csproj", "{8F483958-F49A-4B7B-897F-3D65ABC746C1}"
EndProject
Global
	GlobalSection(SolutionConfigurationPlatforms) = preSolution
		Debug|Any CPU = Debug|Any CPU
		Release|Any CPU = Release|Any CPU
	EndGlobalSection
	GlobalSection(ProjectConfigurationPlatforms) = postSolution
		{4A50A777-AC0E-4041-BBF8-0666D9ABAA9F}.Debug|Any CPU.ActiveCfg = Debug|Any CPU
		{4A50A777-AC0E-4041-BBF8-0666D9ABAA9F}.Debug|Any CPU.Build.0 = Debug|Any CPU
		{4A50A777-AC0E-4041-BBF8-0666D9ABAA9F}.Release|Any CPU.ActiveCfg = Release|Any CPU
		{4A50A777-AC0E-4041-BBF8-0666D9ABAA9F}.Release|Any CPU.Build.0 = Release|Any CPU
		{D64F5777-D2C6-48C0-993B-F40C8BA99B4B}.Debug|Any CPU.ActiveCfg = Debug|Any CPU
		{D64F5777-D2C6-48C0-993B-F40C8BA99B4B}.Debug|Any CPU.Build.0 = Debug|Any CPU
		{D64F5777-D2C6-48C0-993B-F40C8BA99B4B}.Release|Any CPU.ActiveCfg = Release|Any CPU
		{D64F5777-D2C6-48C0-993B-F40C8BA99B4B}.Release|Any CPU.Build.0 = Release|Any CPU
		{8F483958-F49A-4B7B-897F-3D65ABC746C1}.Debug|Any CPU.ActiveCfg = Debug|Any CPU
		{8F483958-F49A-4B7B-897F-3D65ABC746C1}.Debug|Any CPU.Build.0 = Debug|Any CPU
		{8F483958-F49A-4B7B-897F-3D65ABC746C1}.Release|Any CPU.ActiveCfg = Release|Any CPU
		{8F483958-F49A-4B7B-897F-3D65ABC746C1}.Release|Any CPU.Build.0 = Release|Any CPU
	EndGlobalSection
	GlobalSection(SolutionProperties) = preSolution
		HideSolutionNode = FALSE
	EndGlobalSection
EndGlobal
